
Microsoft Visual Studio Solution File, Format Version 12.00
# Visual Studio Version 16
VisualStudioVersion = 16.0.30503.244
MinimumVisualStudioVersion = 10.0.40219.1
Project("{9A19103F-16F7-4668-BE54-9A1E7A4F7556}") = "Kalkulator", "Kalkulacka\Kalkulator.csproj", "{C7E11416-45AA-4028-BD42-E1A7A022BB16}"
EndProject
Global
	GlobalSection(SolutionConfigurationPlatforms) = preSolution
		Debug|Any CPU = Debug|Any CPU
		Release|Any CPU = Release|Any CPU
	EndGlobalSection
	GlobalSection(ProjectConfigurationPlatforms) = postSolution
		{C7E11416-45AA-4028-BD42-E1A7A022BB16}.Debug|Any CPU.ActiveCfg = Debug|Any CPU
		{C7E11416-45AA-4028-BD42-E1A7A022BB16}.Debug|Any CPU.Build.0 = Debug|Any CPU
		{C7E11416-45AA-4028-BD42-E1A7A022BB16}.Release|Any CPU.ActiveCfg = Release|Any CPU
		{C7E11416-45AA-4028-BD42-E1A7A022BB16}.Release|Any CPU.Build.0 = Release|Any CPU
	EndGlobalSection
	GlobalSection(SolutionProperties) = preSolution
		HideSolutionNode = FALSE
	EndGlobalSection
	GlobalSection(ExtensibilityGlobals) = postSolution
		SolutionGuid = {EE03A692-CAF0-4460-8EA8-7A2524768205}
	EndGlobalSection
EndGlobal
